// !$*UTF8*$!
{
	archiveVersion = 1;
	classes = {
	};
	objectVersion = 45;
	objects = {

/* Begin PBXBuildFile section */
		673BE7150F26759A0043BE03 /* platform.cpp in Sources */ = {isa = PBXBuildFile; fileRef = 673BE7140F26759A0043BE03 /* platform.cpp */; settings = {COMPILER_FLAGS = "-fobjc-call-cxx-cdtors"; }; };
		673BE7180F26771D0043BE03 /* osxutils.cpp in Sources */ = {isa = PBXBuildFile; fileRef = 673BE7170F26771D0043BE03 /* osxutils.cpp */; settings = {COMPILER_FLAGS = "-fobjc-call-cxx-cdtors"; }; };
		673BE84B0F2694DD0043BE03 /* tagdb.cpp in Sources */ = {isa = PBXBuildFile; fileRef = 673BE84A0F2694DD0043BE03 /* tagdb.cpp */; settings = {COMPILER_FLAGS = "-fobjc-call-cxx-cdtors"; }; };
		67F4DC700F409B0900ED04DB /* libdbus-c++-1.dylib in Frameworks */ = {isa = PBXBuildFile; fileRef = 67F4DC6F0F409B0900ED04DB /* libdbus-c++-1.dylib */; };
		67F4DC720F409B3600ED04DB /* libsqlite3cpp.dylib in Frameworks */ = {isa = PBXBuildFile; fileRef = 67F4DC710F409B3600ED04DB /* libsqlite3cpp.dylib */; };
		67F4DCC80F40A75C00ED04DB /* CoreServices.framework in Frameworks */ = {isa = PBXBuildFile; fileRef = 67F4DCC70F40A75C00ED04DB /* CoreServices.framework */; };
		67F4DCCD0F40A76100ED04DB /* Foundation.framework in Frameworks */ = {isa = PBXBuildFile; fileRef = 67F4DCCC0F40A76100ED04DB /* Foundation.framework */; };
		67F4DCD10F40A76700ED04DB /* Carbon.framework in Frameworks */ = {isa = PBXBuildFile; fileRef = 67F4DCD00F40A76700ED04DB /* Carbon.framework */; };
		8DD76F650486A84900D96B5E /* main.cpp in Sources */ = {isa = PBXBuildFile; fileRef = 08FB7796FE84155DC02AAC07 /* main.cpp */; settings = {ATTRIBUTES = (); }; };
		8DD76F6A0486A84900D96B5E /* XTagRev.1 in CopyFiles */ = {isa = PBXBuildFile; fileRef = C6859E8B029090EE04C91782 /* XTagRev.1 */; };
/* End PBXBuildFile section */

/* Begin PBXCopyFilesBuildPhase section */
		8DD76F690486A84900D96B5E /* CopyFiles */ = {
			isa = PBXCopyFilesBuildPhase;
			buildActionMask = 8;
			dstPath = /usr/share/man/man1/;
			dstSubfolderSpec = 0;
			files = (
				8DD76F6A0486A84900D96B5E /* XTagRev.1 in CopyFiles */,
			);
			runOnlyForDeploymentPostprocessing = 1;
		};
/* End PBXCopyFilesBuildPhase section */

/* Begin PBXFileReference section */
		08FB7796FE84155DC02AAC07 /* main.cpp */ = {isa = PBXFileReference; explicitFileType = sourcecode.cpp.cpp; fileEncoding = 4; path = main.cpp; sourceTree = "<group>"; };
		673BE6040F25311E0043BE03 /* sqlite3x_settings_db.hpp */ = {isa = PBXFileReference; fileEncoding = 4; lastKnownFileType = sourcecode.cpp.h; path = sqlite3x_settings_db.hpp; sourceTree = "<group>"; };
		673BE7130F26759A0043BE03 /* platform.h */ = {isa = PBXFileReference; fileEncoding = 4; lastKnownFileType = sourcecode.c.h; path = platform.h; sourceTree = "<group>"; };
		673BE7140F26759A0043BE03 /* platform.cpp */ = {isa = PBXFileReference; explicitFileType = sourcecode.cpp.objcpp; fileEncoding = 4; path = platform.cpp; sourceTree = "<group>"; };
		673BE7160F26771D0043BE03 /* osxutils.h */ = {isa = PBXFileReference; fileEncoding = 4; lastKnownFileType = sourcecode.c.h; path = osxutils.h; sourceTree = "<group>"; };
		673BE7170F26771D0043BE03 /* osxutils.cpp */ = {isa = PBXFileReference; explicitFileType = sourcecode.cpp.objcpp; fileEncoding = 4; path = osxutils.cpp; sourceTree = "<group>"; };
		673BE8490F2694DD0043BE03 /* tagdb.h */ = {isa = PBXFileReference; fileEncoding = 4; lastKnownFileType = sourcecode.c.h; path = tagdb.h; sourceTree = "<group>"; };
		673BE84A0F2694DD0043BE03 /* tagdb.cpp */ = {isa = PBXFileReference; explicitFileType = sourcecode.cpp.objcpp; fileEncoding = 4; path = tagdb.cpp; sourceTree = "<group>"; };
		679A83560F22B04700BA3A5A /* sqlite3x.hpp */ = {isa = PBXFileReference; fileEncoding = 4; lastKnownFileType = sourcecode.cpp.h; path = sqlite3x.hpp; sourceTree = "<group>"; };
		67B48B4E0F3E418A005D15F4 /* server-glue.h */ = {isa = PBXFileReference; fileEncoding = 4; lastKnownFileType = sourcecode.c.h; path = "server-glue.h"; sourceTree = "<group>"; };
		67B48C6B0F3E5B18005D15F4 /* main.h */ = {isa = PBXFileReference; fileEncoding = 4; lastKnownFileType = sourcecode.c.h; path = main.h; sourceTree = "<group>"; };
		67F4DC6F0F409B0900ED04DB /* libdbus-c++-1.dylib */ = {isa = PBXFileReference; lastKnownFileType = "compiled.mach-o.dylib"; name = "libdbus-c++-1.dylib"; path = "usr/lib/libdbus-c++-1.dylib"; sourceTree = SDKROOT; };
		67F4DC710F409B3600ED04DB /* libsqlite3cpp.dylib */ = {isa = PBXFileReference; lastKnownFileType = "compiled.mach-o.dylib"; name = libsqlite3cpp.dylib; path = usr/lib/libsqlite3cpp.dylib; sourceTree = SDKROOT; };
		67F4DCC70F40A75C00ED04DB /* CoreServices.framework */ = {isa = PBXFileReference; lastKnownFileType = wrapper.framework; name = CoreServices.framework; path = System/Library/Frameworks/CoreServices.framework; sourceTree = SDKROOT; };
		67F4DCCC0F40A76100ED04DB /* Foundation.framework */ = {isa = PBXFileReference; lastKnownFileType = wrapper.framework; name = Foundation.framework; path = System/Library/Frameworks/Foundation.framework; sourceTree = SDKROOT; };
		67F4DCD00F40A76700ED04DB /* Carbon.framework */ = {isa = PBXFileReference; lastKnownFileType = wrapper.framework; name = Carbon.framework; path = System/Library/Frameworks/Carbon.framework; sourceTree = SDKROOT; };
		8DD76F6C0486A84900D96B5E /* XTagRev */ = {isa = PBXFileReference; explicitFileType = "compiled.mach-o.executable"; includeInIndex = 0; path = XTagRev; sourceTree = BUILT_PRODUCTS_DIR; };
		C6859E8B029090EE04C91782 /* XTagRev.1 */ = {isa = PBXFileReference; lastKnownFileType = text.man; path = XTagRev.1; sourceTree = "<group>"; };
/* End PBXFileReference section */

/* Begin PBXFrameworksBuildPhase section */
		8DD76F660486A84900D96B5E /* Frameworks */ = {
			isa = PBXFrameworksBuildPhase;
			buildActionMask = 2147483647;
			files = (
				67F4DC700F409B0900ED04DB /* libdbus-c++-1.dylib in Frameworks */,
				67F4DC720F409B3600ED04DB /* libsqlite3cpp.dylib in Frameworks */,
				67F4DCC80F40A75C00ED04DB /* CoreServices.framework in Frameworks */,
				67F4DCCD0F40A76100ED04DB /* Foundation.framework in Frameworks */,
				67F4DCD10F40A76700ED04DB /* Carbon.framework in Frameworks */,
			);
			runOnlyForDeploymentPostprocessing = 0;
		};
/* End PBXFrameworksBuildPhase section */

/* Begin PBXGroup section */
		08FB7794FE84155DC02AAC07 /* XTagRev */ = {
			isa = PBXGroup;
			children = (
				67F4DC710F409B3600ED04DB /* libsqlite3cpp.dylib */,
				67F4DC6F0F409B0900ED04DB /* libdbus-c++-1.dylib */,
				67F4DCD00F40A76700ED04DB /* Carbon.framework */,
				67F4DCCC0F40A76100ED04DB /* Foundation.framework */,
				67F4DCC70F40A75C00ED04DB /* CoreServices.framework */,
				08FB7795FE84155DC02AAC07 /* Source */,
				C6859E8C029090F304C91782 /* Documentation */,
				1AB674ADFE9D54B511CA2CBB /* Products */,
			);
			name = XTagRev;
			sourceTree = "<group>";
		};
		08FB7795FE84155DC02AAC07 /* Source */ = {
			isa = PBXGroup;
			children = (
				67B48B4E0F3E418A005D15F4 /* server-glue.h */,
				673BE6040F25311E0043BE03 /* sqlite3x_settings_db.hpp */,
				679A83560F22B04700BA3A5A /* sqlite3x.hpp */,
				67B48C6B0F3E5B18005D15F4 /* main.h */,
				08FB7796FE84155DC02AAC07 /* main.cpp */,
				673BE7130F26759A0043BE03 /* platform.h */,
				673BE7140F26759A0043BE03 /* platform.cpp */,
				673BE7160F26771D0043BE03 /* osxutils.h */,
				673BE7170F26771D0043BE03 /* osxutils.cpp */,
				673BE8490F2694DD0043BE03 /* tagdb.h */,
				673BE84A0F2694DD0043BE03 /* tagdb.cpp */,
			);
			name = Source;
			sourceTree = "<group>";
		};
		1AB674ADFE9D54B511CA2CBB /* Products */ = {
			isa = PBXGroup;
			children = (
				8DD76F6C0486A84900D96B5E /* XTagRev */,
			);
			name = Products;
			sourceTree = "<group>";
		};
		C6859E8C029090F304C91782 /* Documentation */ = {
			isa = PBXGroup;
			children = (
				C6859E8B029090EE04C91782 /* XTagRev.1 */,
			);
			name = Documentation;
			sourceTree = "<group>";
		};
/* End PBXGroup section */

/* Begin PBXNativeTarget section */
		8DD76F620486A84900D96B5E /* XTagRev */ = {
			isa = PBXNativeTarget;
			buildConfigurationList = 1DEB923108733DC60010E9CD /* Build configuration list for PBXNativeTarget "XTagRev" */;
			buildPhases = (
				8DD76F640486A84900D96B5E /* Sources */,
				8DD76F660486A84900D96B5E /* Frameworks */,
				8DD76F690486A84900D96B5E /* CopyFiles */,
			);
			buildRules = (
			);
			dependencies = (
			);
			name = XTagRev;
			productInstallPath = "$(HOME)/bin";
			productName = XTagRev;
			productReference = 8DD76F6C0486A84900D96B5E /* XTagRev */;
			productType = "com.apple.product-type.tool";
		};
/* End PBXNativeTarget section */

/* Begin PBXProject section */
		08FB7793FE84155DC02AAC07 /* Project object */ = {
			isa = PBXProject;
			buildConfigurationList = 1DEB923508733DC60010E9CD /* Build configuration list for PBXProject "tagkernel" */;
			compatibilityVersion = "Xcode 3.1";
			hasScannedForEncodings = 1;
			mainGroup = 08FB7794FE84155DC02AAC07 /* XTagRev */;
			projectDirPath = "";
			projectRoot = "";
			targets = (
				8DD76F620486A84900D96B5E /* XTagRev */,
			);
		};
/* End PBXProject section */

/* Begin PBXSourcesBuildPhase section */
		8DD76F640486A84900D96B5E /* Sources */ = {
			isa = PBXSourcesBuildPhase;
			buildActionMask = 2147483647;
			files = (
				8DD76F650486A84900D96B5E /* main.cpp in Sources */,
				673BE7150F26759A0043BE03 /* platform.cpp in Sources */,
				673BE7180F26771D0043BE03 /* osxutils.cpp in Sources */,
				673BE84B0F2694DD0043BE03 /* tagdb.cpp in Sources */,
			);
			runOnlyForDeploymentPostprocessing = 0;
		};
/* End PBXSourcesBuildPhase section */

/* Begin XCBuildConfiguration section */
		1DEB923208733DC60010E9CD /* Debug */ = {
			isa = XCBuildConfiguration;
			buildSettings = {
				ALWAYS_SEARCH_USER_PATHS = NO;
				COPY_PHASE_STRIP = NO;
				GCC_DYNAMIC_NO_PIC = NO;
				GCC_ENABLE_FIX_AND_CONTINUE = YES;
				GCC_MODEL_TUNING = G5;
				GCC_OPTIMIZATION_LEVEL = 0;
				GCC_PREFIX_HEADER = "";
				GCC_PREPROCESSOR_DEFINITIONS = (
					"_GLIBCXX_DEBUG=1",
					"_GLIBCXX_DEBUG_PEDANTIC=1",
				);
				INSTALL_PATH = /usr/local/bin;
				LIBRARY_SEARCH_PATHS = (
					"$(inherited)",
					"\"$(SRCROOT)\"",
				);
				PRODUCT_NAME = XTagRev;
			};
			name = Debug;
		};
		1DEB923308733DC60010E9CD /* Release */ = {
			isa = XCBuildConfiguration;
			buildSettings = {
				ALWAYS_SEARCH_USER_PATHS = NO;
				DEBUG_INFORMATION_FORMAT = "dwarf-with-dsym";
				GCC_LINK_WITH_DYNAMIC_LIBRARIES = NO;
				GCC_MODEL_TUNING = G5;
				GCC_PREFIX_HEADER = "";
				INSTALL_PATH = /usr/local/bin;
				LIBRARY_SEARCH_PATHS = (
					"$(inherited)",
					"\"$(SRCROOT)\"",
				);
				PRODUCT_NAME = XTagRev;
			};
			name = Release;
		};
		1DEB923608733DC60010E9CD /* Debug */ = {
			isa = XCBuildConfiguration;
			buildSettings = {
				ARCHS = "$(ARCHS_STANDARD_32_BIT)";
				DEBUG_INFORMATION_FORMAT = stabs;
				GCC_C_LANGUAGE_STANDARD = c99;
				GCC_DEBUGGING_SYMBOLS = full;
				GCC_OBJC_CALL_CXX_CDTORS = YES;
				GCC_OPTIMIZATION_LEVEL = 0;
				GCC_SYMBOLS_PRIVATE_EXTERN = YES;
				GCC_VERSION = 4.0;
				GCC_WARN_ABOUT_DEPRECATED_FUNCTIONS = NO;
				GCC_WARN_ABOUT_RETURN_TYPE = YES;
				GCC_WARN_UNUSED_VARIABLE = YES;
				HEADER_SEARCH_PATHS = "";
				MACH_O_TYPE = mh_execute;
				ONLY_ACTIVE_ARCH = YES;
				OTHER_CFLAGS = "";
				OTHER_CPLUSPLUSFLAGS = (
					"$(OTHER_CFLAGS)",
					"-fno-inline",
					"-dynamic",
				);
				OTHER_LDFLAGS = "";
				PREBINDING = NO;
				SDKROOT = macosx10.5;
				STANDARD_C_PLUS_PLUS_LIBRARY_TYPE = dynamic;
				VALID_ARCHS = i386;
			};
			name = Debug;
		};
		1DEB923708733DC60010E9CD /* Release */ = {
			isa = XCBuildConfiguration;
			buildSettings = {
				ARCHS = "$(ARCHS_STANDARD_32_BIT)";
				GCC_C_LANGUAGE_STANDARD = c99;
				GCC_ENABLE_CPP_EXCEPTIONS = YES;
				GCC_ENABLE_CPP_RTTI = YES;
				GCC_INPUT_FILETYPE = automatic;
				GCC_LINK_WITH_DYNAMIC_LIBRARIES = YES;
				GCC_OPTIMIZATION_LEVEL = 0;
				GCC_THREADSAFE_STATICS = NO;
				GCC_USE_GCC3_PFE_SUPPORT = YES;
				GCC_VERSION = 4.2;
				GCC_WARN_ABOUT_DEPRECATED_FUNCTIONS = NO;
				GCC_WARN_ABOUT_RETURN_TYPE = YES;
				GCC_WARN_UNUSED_VARIABLE = YES;
				LIBRARY_SEARCH_PATHS = "/Users/r0ssar00/Development/Git/XTagRev/**";
				LINK_WITH_STANDARD_LIBRARIES = NO;
				MACH_O_TYPE = mh_execute;
				ONLY_ACTIVE_ARCH = YES;
				OTHER_LDFLAGS = (
					"-search_paths_first",
					"-lstdc++",
					"-framework",
					Foundation,
					"-framework",
					CoreServices,
					"-framework",
					Carbon,
				);
				PREBINDING = NO;
				SCAN_ALL_SOURCE_FILES_FOR_INCLUDES = YES;
				SDKROOT = macosx10.5;
				VALID_ARCHS = i386;
			};
			name = Release;
		};
/* End XCBuildConfiguration section */

/* Begin XCConfigurationList section */
		1DEB923108733DC60010E9CD /* Build configuration list for PBXNativeTarget "XTagRev" */ = {
			isa = XCConfigurationList;
			buildConfigurations = (
				1DEB923208733DC60010E9CD /* Debug */,
				1DEB923308733DC60010E9CD /* Release */,
			);
			defaultConfigurationIsVisible = 0;
			defaultConfigurationName = Release;
		};
		1DEB923508733DC60010E9CD /* Build configuration list for PBXProject "tagkernel" */ = {
			isa = XCConfigurationList;
			buildConfigurations = (
				1DEB923608733DC60010E9CD /* Debug */,
				1DEB923708733DC60010E9CD /* Release */,
			);
			defaultConfigurationIsVisible = 0;
			defaultConfigurationName = Release;
		};
/* End XCConfigurationList section */
	};
	rootObject = 08FB7793FE84155DC02AAC07 /* Project object */;
}
